
Microsoft Visual Studio Solution File, Format Version 12.00
# Visual Studio Version 16
VisualStudioVersion = 16.0.809.8
MinimumVisualStudioVersion = 10.0.40219.1
Project("{FAE04EC0-301F-11D3-BF4B-00C04F79EFBC}") = "web_api_project", "web_api_project\web_api_project.csproj", "{EED13BDF-3D7F-41BC-8717-F557BD6C50A7}"
EndProject
Global
	GlobalSection(SolutionConfigurationPlatforms) = preSolution
		Debug|Any CPU = Debug|Any CPU
		Release|Any CPU = Release|Any CPU
	EndGlobalSection
	GlobalSection(ProjectConfigurationPlatforms) = postSolution
		{EED13BDF-3D7F-41BC-8717-F557BD6C50A7}.Debug|Any CPU.ActiveCfg = Debug|Any CPU
		{EED13BDF-3D7F-41BC-8717-F557BD6C50A7}.Debug|Any CPU.Build.0 = Debug|Any CPU
		{EED13BDF-3D7F-41BC-8717-F557BD6C50A7}.Release|Any CPU.ActiveCfg = Release|Any CPU
		{EED13BDF-3D7F-41BC-8717-F557BD6C50A7}.Release|Any CPU.Build.0 = Release|Any CPU
	EndGlobalSection
	GlobalSection(SolutionProperties) = preSolution
		HideSolutionNode = FALSE
	EndGlobalSection
	GlobalSection(ExtensibilityGlobals) = postSolution
		SolutionGuid = {76D5B7BF-3E11-4DC2-921F-3CB859E1BEB9}
	EndGlobalSection
EndGlobal
